{
  "version": 4,
  "terraform_version": "1.6.6",
  "serial": 3,
  "lineage": "71379c94-0e73-29cd-c884-69f1c806bbc1",
  "outputs": {
    "domain_name": {
      "value": "Not configured",
      "type": "string"
    },
    "droplet_ip": {
      "value": "64.226.111.192",
      "type": "string"
    },
    "ssh_connection": {
      "value": "ssh -i ~/.ssh/digitalocean_key root@64.226.111.192",
      "type": "string"
    },
    "tag_name": {
      "value": "task-manager-terraform",
      "type": "string"
    }
  },
  "resources": [
    {
      "mode": "managed",
      "type": "digitalocean_tag",
      "name": "task_manager_tag",
      "provider": "provider[\"registry.terraform.io/digitalocean/digitalocean\"]",
      "instances": [
        {
          "schema_version": 0,
          "attributes": {
            "databases_count": 0,
            "droplets_count": 0,
            "id": "task-manager-terraform",
            "images_count": 0,
            "name": "task-manager-terraform",
            "total_resource_count": 0,
            "volume_snapshots_count": 0,
            "volumes_count": 0
          },
          "sensitive_attributes": [],
          "private": "bnVsbA=="
        }
      ]
    }
  ],
  "check_results": null
}
